// !$*UTF8*$!
{
	archiveVersion = 1;
	classes = {
	};
	objectVersion = 46;
	objects = {

/* Begin PBXBuildFile section */
		AB330D0A1E777F9D002C6FCD /* main.m in Sources */ = {isa = PBXBuildFile; fileRef = AB330D091E777F9D002C6FCD /* main.m */; };
		AB330D0D1E777F9D002C6FCD /* AppDelegate.m in Sources */ = {isa = PBXBuildFile; fileRef = AB330D0C1E777F9D002C6FCD /* AppDelegate.m */; };
		AB330D101E777F9D002C6FCD /* FirstViewController.m in Sources */ = {isa = PBXBuildFile; fileRef = AB330D0F1E777F9D002C6FCD /* FirstViewController.m */; };
		AB330D131E777F9D002C6FCD /* SecondViewController.m in Sources */ = {isa = PBXBuildFile; fileRef = AB330D121E777F9D002C6FCD /* SecondViewController.m */; };
		AB330D161E777F9D002C6FCD /* Main.storyboard in Resources */ = {isa = PBXBuildFile; fileRef = AB330D141E777F9D002C6FCD /* Main.storyboard */; };
		AB330D181E777F9D002C6FCD /* Assets.xcassets in Resources */ = {isa = PBXBuildFile; fileRef = AB330D171E777F9D002C6FCD /* Assets.xcassets */; };
		AB330D1B1E777F9D002C6FCD /* LaunchScreen.storyboard in Resources */ = {isa = PBXBuildFile; fileRef = AB330D191E777F9D002C6FCD /* LaunchScreen.storyboard */; };
/* End PBXBuildFile section */

/* Begin PBXFileReference section */
		AB330D051E777F9D002C6FCD /* Invoice.app */ = {isa = PBXFileReference; explicitFileType = wrapper.application; includeInIndex = 0; path = Invoice.app; sourceTree = BUILT_PRODUCTS_DIR; };
		AB330D091E777F9D002C6FCD /* main.m */ = {isa = PBXFileReference; lastKnownFileType = sourcecode.c.objc; path = main.m; sourceTree = "<group>"; };
		AB330D0B1E777F9D002C6FCD /* AppDelegate.h */ = {isa = PBXFileReference; lastKnownFileType = sourcecode.c.h; path = AppDelegate.h; sourceTree = "<group>"; };
		AB330D0C1E777F9D002C6FCD /* AppDelegate.m */ = {isa = PBXFileReference; lastKnownFileType = sourcecode.c.objc; path = AppDelegate.m; sourceTree = "<group>"; };
		AB330D0E1E777F9D002C6FCD /* FirstViewController.h */ = {isa = PBXFileReference; lastKnownFileType = sourcecode.c.h; path = FirstViewController.h; sourceTree = "<group>"; };
		AB330D0F1E777F9D002C6FCD /* FirstViewController.m */ = {isa = PBXFileReference; lastKnownFileType = sourcecode.c.objc; path = FirstViewController.m; sourceTree = "<group>"; };
		AB330D111E777F9D002C6FCD /* SecondViewController.h */ = {isa = PBXFileReference; lastKnownFileType = sourcecode.c.h; path = SecondViewController.h; sourceTree = "<group>"; };
		AB330D121E777F9D002C6FCD /* SecondViewController.m */ = {isa = PBXFileReference; lastKnownFileType = sourcecode.c.objc; path = SecondViewController.m; sourceTree = "<group>"; };
		AB330D151E777F9D002C6FCD /* Base */ = {isa = PBXFileReference; lastKnownFileType = file.storyboard; name = Base; path = Base.lproj/Main.storyboard; sourceTree = "<group>"; };
		AB330D171E777F9D002C6FCD /* Assets.xcassets */ = {isa = PBXFileReference; lastKnownFileType = folder.assetcatalog; path = Assets.xcassets; sourceTree = "<group>"; };
		AB330D1A1E777F9D002C6FCD /* Base */ = {isa = PBXFileReference; lastKnownFileType = file.storyboard; name = Base; path = Base.lproj/LaunchScreen.storyboard; sourceTree = "<group>"; };
		AB330D1C1E777F9D002C6FCD /* Info.plist */ = {isa = PBXFileReference; lastKnownFileType = text.plist.xml; path = Info.plist; sourceTree = "<group>"; };
/* End PBXFileReference section */

/* Begin PBXFrameworksBuildPhase section */
		AB330D021E777F9D002C6FCD /* Frameworks */ = {
			isa = PBXFrameworksBuildPhase;
			buildActionMask = 2147483647;
			files = (
			);
			runOnlyForDeploymentPostprocessing = 0;
		};
/* End PBXFrameworksBuildPhase section */

/* Begin PBXGroup section */
		AB330CFC1E777F9D002C6FCD = {
			isa = PBXGroup;
			children = (
				AB330D071E777F9D002C6FCD /* Invoice */,
				AB330D061E777F9D002C6FCD /* Products */,
			);
			sourceTree = "<group>";
		};
		AB330D061E777F9D002C6FCD /* Products */ = {
			isa = PBXGroup;
			children = (
				AB330D051E777F9D002C6FCD /* Invoice.app */,
			);
			name = Products;
			sourceTree = "<group>";
		};
		AB330D071E777F9D002C6FCD /* Invoice */ = {
			isa = PBXGroup;
			children = (
				AB330D0B1E777F9D002C6FCD /* AppDelegate.h */,
				AB330D0C1E777F9D002C6FCD /* AppDelegate.m */,
				AB330D0E1E777F9D002C6FCD /* FirstViewController.h */,
				AB330D0F1E777F9D002C6FCD /* FirstViewController.m */,
				AB330D111E777F9D002C6FCD /* SecondViewController.h */,
				AB330D121E777F9D002C6FCD /* SecondViewController.m */,
				AB330D141E777F9D002C6FCD /* Main.storyboard */,
				AB330D171E777F9D002C6FCD /* Assets.xcassets */,
				AB330D191E777F9D002C6FCD /* LaunchScreen.storyboard */,
				AB330D1C1E777F9D002C6FCD /* Info.plist */,
				AB330D081E777F9D002C6FCD /* Supporting Files */,
			);
			path = Invoice;
			sourceTree = "<group>";
		};
		AB330D081E777F9D002C6FCD /* Supporting Files */ = {
			isa = PBXGroup;
			children = (
				AB330D091E777F9D002C6FCD /* main.m */,
			);
			name = "Supporting Files";
			sourceTree = "<group>";
		};
/* End PBXGroup section */

/* Begin PBXNativeTarget section */
		AB330D041E777F9D002C6FCD /* Invoice */ = {
			isa = PBXNativeTarget;
			buildConfigurationList = AB330D1F1E777F9D002C6FCD /* Build configuration list for PBXNativeTarget "Invoice" */;
			buildPhases = (
				AB330D011E777F9D002C6FCD /* Sources */,
				AB330D021E777F9D002C6FCD /* Frameworks */,
				AB330D031E777F9D002C6FCD /* Resources */,
			);
			buildRules = (
			);
			dependencies = (
			);
			name = Invoice;
			productName = Invoice;
			productReference = AB330D051E777F9D002C6FCD /* Invoice.app */;
			productType = "com.apple.product-type.application";
		};
/* End PBXNativeTarget section */

/* Begin PBXProject section */
		AB330CFD1E777F9D002C6FCD /* Project object */ = {
			isa = PBXProject;
			attributes = {
				LastUpgradeCheck = 0820;
				ORGANIZATIONNAME = links;
				TargetAttributes = {
					AB330D041E777F9D002C6FCD = {
						CreatedOnToolsVersion = 8.2.1;
						DevelopmentTeam = 25WUPDZ7Y7;
						ProvisioningStyle = Automatic;
					};
				};
			};
			buildConfigurationList = AB330D001E777F9D002C6FCD /* Build configuration list for PBXProject "Invoice" */;
			compatibilityVersion = "Xcode 3.2";
			developmentRegion = English;
			hasScannedForEncodings = 0;
			knownRegions = (
				en,
				Base,
			);
			mainGroup = AB330CFC1E777F9D002C6FCD;
			productRefGroup = AB330D061E777F9D002C6FCD /* Products */;
			projectDirPath = "";
			projectRoot = "";
			targets = (
				AB330D041E777F9D002C6FCD /* Invoice */,
			);
		};
/* End PBXProject section */

/* Begin PBXResourcesBuildPhase section */
		AB330D031E777F9D002C6FCD /* Resources */ = {
			isa = PBXResourcesBuildPhase;
			buildActionMask = 2147483647;
			files = (
				AB330D1B1E777F9D002C6FCD /* LaunchScreen.storyboard in Resources */,
				AB330D181E777F9D002C6FCD /* Assets.xcassets in Resources */,
				AB330D161E777F9D002C6FCD /* Main.storyboard in Resources */,
			);
			runOnlyForDeploymentPostprocessing = 0;
		};
/* End PBXResourcesBuildPhase section */

/* Begin PBXSourcesBuildPhase section */
		AB330D011E777F9D002C6FCD /* Sources */ = {
			isa = PBXSourcesBuildPhase;
			buildActionMask = 2147483647;
			files = (
				AB330D131E777F9D002C6FCD /* SecondViewController.m in Sources */,
				AB330D0D1E777F9D002C6FCD /* AppDelegate.m in Sources */,
				AB330D101E777F9D002C6FCD /* FirstViewController.m in Sources */,
				AB330D0A1E777F9D002C6FCD /* main.m in Sources */,
			);
			runOnlyForDeploymentPostprocessing = 0;
		};
/* End PBXSourcesBuildPhase section */

/* Begin PBXVariantGroup section */
		AB330D141E777F9D002C6FCD /* Main.storyboard */ = {
			isa = PBXVariantGroup;
			children = (
				AB330D151E777F9D002C6FCD /* Base */,
			);
			name = Main.storyboard;
			sourceTree = "<group>";
		};
		AB330D191E777F9D002C6FCD /* LaunchScreen.storyboard */ = {
			isa = PBXVariantGroup;
			children = (
				AB330D1A1E777F9D002C6FCD /* Base */,
			);
			name = LaunchScreen.storyboard;
			sourceTree = "<group>";
		};
/* End PBXVariantGroup section */

/* Begin XCBuildConfiguration section */
		AB330D1D1E777F9D002C6FCD /* Debug */ = {
			isa = XCBuildConfiguration;
			buildSettings = {
				ALWAYS_SEARCH_USER_PATHS = NO;
				CLANG_ANALYZER_NONNULL = YES;
				CLANG_CXX_LANGUAGE_STANDARD = "gnu++0x";
				CLANG_CXX_LIBRARY = "libc++";
				CLANG_ENABLE_MODULES = YES;
				CLANG_ENABLE_OBJC_ARC = YES;
				CLANG_WARN_BOOL_CONVERSION = YES;
				CLANG_WARN_CONSTANT_CONVERSION = YES;
				CLANG_WARN_DIRECT_OBJC_ISA_USAGE = YES_ERROR;
				CLANG_WARN_DOCUMENTATION_COMMENTS = YES;
				CLANG_WARN_EMPTY_BODY = YES;
				CLANG_WARN_ENUM_CONVERSION = YES;
				CLANG_WARN_INFINITE_RECURSION = YES;
				CLANG_WARN_INT_CONVERSION = YES;
				CLANG_WARN_OBJC_ROOT_CLASS = YES_ERROR;
				CLANG_WARN_SUSPICIOUS_MOVE = YES;
				CLANG_WARN_UNREACHABLE_CODE = YES;
				CLANG_WARN__DUPLICATE_METHOD_MATCH = YES;
				"CODE_SIGN_IDENTITY[sdk=iphoneos*]" = "iPhone Developer";
				COPY_PHASE_STRIP = NO;
				DEBUG_INFORMATION_FORMAT = dwarf;
				ENABLE_STRICT_OBJC_MSGSEND = YES;
				ENABLE_TESTABILITY = YES;
				GCC_C_LANGUAGE_STANDARD = gnu99;
				GCC_DYNAMIC_NO_PIC = NO;
				GCC_NO_COMMON_BLOCKS = YES;
				GCC_OPTIMIZATION_LEVEL = 0;
				GCC_PREPROCESSOR_DEFINITIONS = (
					"DEBUG=1",
					"$(inherited)",
				);
				GCC_WARN_64_TO_32_BIT_CONVERSION = YES;
				GCC_WARN_ABOUT_RETURN_TYPE = YES_ERROR;
				GCC_WARN_UNDECLARED_SELECTOR = YES;
				GCC_WARN_UNINITIALIZED_AUTOS = YES_AGGRESSIVE;
				GCC_WARN_UNUSED_FUNCTION = YES;
				GCC_WARN_UNUSED_VARIABLE = YES;
				IPHONEOS_DEPLOYMENT_TARGET = 10.2;
				MTL_ENABLE_DEBUG_INFO = YES;
				ONLY_ACTIVE_ARCH = YES;
				SDKROOT = iphoneos;
			};
			name = Debug;
		};
		AB330D1E1E777F9D002C6FCD /* Release */ = {
			isa = XCBuildConfiguration;
			buildSettings = {
				ALWAYS_SEARCH_USER_PATHS = NO;
				CLANG_ANALYZER_NONNULL = YES;
				CLANG_CXX_LANGUAGE_STANDARD = "gnu++0x";
				CLANG_CXX_LIBRARY = "libc++";
				CLANG_ENABLE_MODULES = YES;
				CLANG_ENABLE_OBJC_ARC = YES;
				CLANG_WARN_BOOL_CONVERSION = YES;
				CLANG_WARN_CONSTANT_CONVERSION = YES;
				CLANG_WARN_DIRECT_OBJC_ISA_USAGE = YES_ERROR;
				CLANG_WARN_DOCUMENTATION_COMMENTS = YES;
				CLANG_WARN_EMPTY_BODY = YES;
				CLANG_WARN_ENUM_CONVERSION = YES;
				CLANG_WARN_INFINITE_RECURSION = YES;
				CLANG_WARN_INT_CONVERSION = YES;
				CLANG_WARN_OBJC_ROOT_CLASS = YES_ERROR;
				CLANG_WARN_SUSPICIOUS_MOVE = YES;
				CLANG_WARN_UNREACHABLE_CODE = YES;
				CLANG_WARN__DUPLICATE_METHOD_MATCH = YES;
				"CODE_SIGN_IDENTITY[sdk=iphoneos*]" = "iPhone Developer";
				COPY_PHASE_STRIP = NO;
				DEBUG_INFORMATION_FORMAT = "dwarf-with-dsym";
				ENABLE_NS_ASSERTIONS = NO;
				ENABLE_STRICT_OBJC_MSGSEND = YES;
				GCC_C_LANGUAGE_STANDARD = gnu99;
				GCC_NO_COMMON_BLOCKS = YES;
				GCC_WARN_64_TO_32_BIT_CONVERSION = YES;
				GCC_WARN_ABOUT_RETURN_TYPE = YES_ERROR;
				GCC_WARN_UNDECLARED_SELECTOR = YES;
				GCC_WARN_UNINITIALIZED_AUTOS = YES_AGGRESSIVE;
				GCC_WARN_UNUSED_FUNCTION = YES;
				GCC_WARN_UNUSED_VARIABLE = YES;
				IPHONEOS_DEPLOYMENT_TARGET = 10.2;
				MTL_ENABLE_DEBUG_INFO = NO;
				SDKROOT = iphoneos;
				VALIDATE_PRODUCT = YES;
			};
			name = Release;
		};
		AB330D201E777F9D002C6FCD /* Debug */ = {
			isa = XCBuildConfiguration;
			buildSettings = {
				ASSETCATALOG_COMPILER_APPICON_NAME = AppIcon;
				DEVELOPMENT_TEAM = 25WUPDZ7Y7;
				INFOPLIST_FILE = Invoice/Info.plist;
				LD_RUNPATH_SEARCH_PATHS = "$(inherited) @executable_path/Frameworks";
				PRODUCT_BUNDLE_IDENTIFIER = com.links.Invoice;
				PRODUCT_NAME = "$(TARGET_NAME)";
			};
			name = Debug;
		};
		AB330D211E777F9D002C6FCD /* Release */ = {
			isa = XCBuildConfiguration;
			buildSettings = {
				ASSETCATALOG_COMPILER_APPICON_NAME = AppIcon;
				DEVELOPMENT_TEAM = 25WUPDZ7Y7;
				INFOPLIST_FILE = Invoice/Info.plist;
				LD_RUNPATH_SEARCH_PATHS = "$(inherited) @executable_path/Frameworks";
				PRODUCT_BUNDLE_IDENTIFIER = com.links.Invoice;
				PRODUCT_NAME = "$(TARGET_NAME)";
			};
			name = Release;
		};
/* End XCBuildConfiguration section */

/* Begin XCConfigurationList section */
		AB330D001E777F9D002C6FCD /* Build configuration list for PBXProject "Invoice" */ = {
			isa = XCConfigurationList;
			buildConfigurations = (
				AB330D1D1E777F9D002C6FCD /* Debug */,
				AB330D1E1E777F9D002C6FCD /* Release */,
			);
			defaultConfigurationIsVisible = 0;
			defaultConfigurationName = Release;
		};
		AB330D1F1E777F9D002C6FCD /* Build configuration list for PBXNativeTarget "Invoice" */ = {
			isa = XCConfigurationList;
			buildConfigurations = (
				AB330D201E777F9D002C6FCD /* Debug */,
				AB330D211E777F9D002C6FCD /* Release */,
			);
			defaultConfigurationIsVisible = 0;
		};
/* End XCConfigurationList section */
	};
	rootObject = AB330CFD1E777F9D002C6FCD /* Project object */;
}
